
Microsoft Visual Studio Solution File, Format Version 12.00
# Visual Studio Version 17
VisualStudioVersion = 17.7.34024.191
MinimumVisualStudioVersion = 10.0.40219.1
Project("{9A19103F-16F7-4668-BE54-9A1E7A4F7556}") = "POB2312OOP", "POB2312OOP\POB2312OOP.csproj", "{0947CF44-8F1C-420F-ACD0-6BDB5DC200BD}"
EndProject
Project("{9A19103F-16F7-4668-BE54-9A1E7A4F7556}") = "Lesson1", "Lesson1\Lesson1.csproj", "{37821C3A-4EC5-4011-816F-6F01960F0D06}"
EndProject
Project("{9A19103F-16F7-4668-BE54-9A1E7A4F7556}") = "Lesson2", "Lesson2\Lesson2.csproj", "{1CA61CCE-0771-4FDA-B25C-569B97078E19}"
EndProject
Project("{9A19103F-16F7-4668-BE54-9A1E7A4F7556}") = "Lesson3", "Lesson3\Lesson3.csproj", "{896D8A39-8216-47BF-A1B4-614AE22732B8}"
EndProject
Project("{9A19103F-16F7-4668-BE54-9A1E7A4F7556}") = "Lesson4", "Lesson4\Lesson4.csproj", "{7AC16953-4437-44AC-A348-2D15BEA0490C}"
EndProject
Project("{9A19103F-16F7-4668-BE54-9A1E7A4F7556}") = "Lesson5", "Lesson5\Lesson5.csproj", "{03A6D99A-4EE8-4CE7-A483-97C31026B2FC}"
EndProject
Project("{FAE04EC0-301F-11D3-BF4B-00C04F79EFBC}") = "Lesson6", "Lesson6\Lesson6.csproj", "{32AB38C9-1458-4B7F-8C45-7A4D4DE2AEA1}"
EndProject
Global
	GlobalSection(SolutionConfigurationPlatforms) = preSolution
		Debug|Any CPU = Debug|Any CPU
		Release|Any CPU = Release|Any CPU
	EndGlobalSection
	GlobalSection(ProjectConfigurationPlatforms) = postSolution
		{0947CF44-8F1C-420F-ACD0-6BDB5DC200BD}.Debug|Any CPU.ActiveCfg = Debug|Any CPU
		{0947CF44-8F1C-420F-ACD0-6BDB5DC200BD}.Debug|Any CPU.Build.0 = Debug|Any CPU
		{0947CF44-8F1C-420F-ACD0-6BDB5DC200BD}.Release|Any CPU.ActiveCfg = Release|Any CPU
		{0947CF44-8F1C-420F-ACD0-6BDB5DC200BD}.Release|Any CPU.Build.0 = Release|Any CPU
		{37821C3A-4EC5-4011-816F-6F01960F0D06}.Debug|Any CPU.ActiveCfg = Debug|Any CPU
		{37821C3A-4EC5-4011-816F-6F01960F0D06}.Debug|Any CPU.Build.0 = Debug|Any CPU
		{37821C3A-4EC5-4011-816F-6F01960F0D06}.Release|Any CPU.ActiveCfg = Release|Any CPU
		{37821C3A-4EC5-4011-816F-6F01960F0D06}.Release|Any CPU.Build.0 = Release|Any CPU
		{1CA61CCE-0771-4FDA-B25C-569B97078E19}.Debug|Any CPU.ActiveCfg = Debug|Any CPU
		{1CA61CCE-0771-4FDA-B25C-569B97078E19}.Debug|Any CPU.Build.0 = Debug|Any CPU
		{1CA61CCE-0771-4FDA-B25C-569B97078E19}.Release|Any CPU.ActiveCfg = Release|Any CPU
		{1CA61CCE-0771-4FDA-B25C-569B97078E19}.Release|Any CPU.Build.0 = Release|Any CPU
		{896D8A39-8216-47BF-A1B4-614AE22732B8}.Debug|Any CPU.ActiveCfg = Debug|Any CPU
		{896D8A39-8216-47BF-A1B4-614AE22732B8}.Debug|Any CPU.Build.0 = Debug|Any CPU
		{896D8A39-8216-47BF-A1B4-614AE22732B8}.Release|Any CPU.ActiveCfg = Release|Any CPU
		{896D8A39-8216-47BF-A1B4-614AE22732B8}.Release|Any CPU.Build.0 = Release|Any CPU
		{7AC16953-4437-44AC-A348-2D15BEA0490C}.Debug|Any CPU.ActiveCfg = Debug|Any CPU
		{7AC16953-4437-44AC-A348-2D15BEA0490C}.Debug|Any CPU.Build.0 = Debug|Any CPU
		{7AC16953-4437-44AC-A348-2D15BEA0490C}.Release|Any CPU.ActiveCfg = Release|Any CPU
		{7AC16953-4437-44AC-A348-2D15BEA0490C}.Release|Any CPU.Build.0 = Release|Any CPU
		{03A6D99A-4EE8-4CE7-A483-97C31026B2FC}.Debug|Any CPU.ActiveCfg = Debug|Any CPU
		{03A6D99A-4EE8-4CE7-A483-97C31026B2FC}.Debug|Any CPU.Build.0 = Debug|Any CPU
		{03A6D99A-4EE8-4CE7-A483-97C31026B2FC}.Release|Any CPU.ActiveCfg = Release|Any CPU
		{03A6D99A-4EE8-4CE7-A483-97C31026B2FC}.Release|Any CPU.Build.0 = Release|Any CPU
		{32AB38C9-1458-4B7F-8C45-7A4D4DE2AEA1}.Debug|Any CPU.ActiveCfg = Debug|Any CPU
		{32AB38C9-1458-4B7F-8C45-7A4D4DE2AEA1}.Debug|Any CPU.Build.0 = Debug|Any CPU
		{32AB38C9-1458-4B7F-8C45-7A4D4DE2AEA1}.Release|Any CPU.ActiveCfg = Release|Any CPU
		{32AB38C9-1458-4B7F-8C45-7A4D4DE2AEA1}.Release|Any CPU.Build.0 = Release|Any CPU
	EndGlobalSection
	GlobalSection(SolutionProperties) = preSolution
		HideSolutionNode = FALSE
	EndGlobalSection
	GlobalSection(ExtensibilityGlobals) = postSolution
		SolutionGuid = {214E383A-1174-4684-8093-8134122666E6}
	EndGlobalSection
EndGlobal
